
Microsoft Visual Studio Solution File, Format Version 12.00
Project("{FAE04EC0-301F-11D3-BF4B-00C04F79EFBC}") = "Cobalt.Modbus.WebUI", "Cobalt.Modbus.WebUI\Cobalt.Modbus.WebUI.csproj", "{8B34FB87-1B6A-4F6F-9384-BDF79CAC1E1F}"
EndProject
Global
	GlobalSection(SolutionConfigurationPlatforms) = preSolution
		Debug|Any CPU = Debug|Any CPU
		Release|Any CPU = Release|Any CPU
	EndGlobalSection
	GlobalSection(ProjectConfigurationPlatforms) = postSolution
		{8B34FB87-1B6A-4F6F-9384-BDF79CAC1E1F}.Debug|Any CPU.ActiveCfg = Debug|Any CPU
		{8B34FB87-1B6A-4F6F-9384-BDF79CAC1E1F}.Debug|Any CPU.Build.0 = Debug|Any CPU
		{8B34FB87-1B6A-4F6F-9384-BDF79CAC1E1F}.Release|Any CPU.ActiveCfg = Release|Any CPU
		{8B34FB87-1B6A-4F6F-9384-BDF79CAC1E1F}.Release|Any CPU.Build.0 = Release|Any CPU
	EndGlobalSection
EndGlobal
